{
    "_readme": [
        "This file locks the dependencies of your project to a known state",
        "Read more about it at https://getcomposer.org/doc/01-basic-usage.md#installing-dependencies",
        "This file is @generated automatically"
    ],
    "content-hash": "593540747358830aad9d53f80ba6a731",
    "packages": [
        {
            "name": "php-yaoi/php-yaoi",
            "version": "v1.0.40",
            "source": {
                "type": "git",
                "url": "https://github.com/php-yaoi/php-yaoi.git",
                "reference": "1d2a9b2409b6aad18d46c2b581eaac62101535a1"
            },
            "dist": {
                "type": "zip",
                "url": "https://api.github.com/repos/php-yaoi/php-yaoi/zipball/1d2a9b2409b6aad18d46c2b581eaac62101535a1",
                "reference": "1d2a9b2409b6aad18d46c2b581eaac62101535a1",
                "shasum": ""
            },
            "require": {
                "php": ">=5.3.0"
            },
            "require-dev": {
                "codeclimate/php-test-reporter": "0.1.2",
                "phpunit/phpunit": "4.8.23"
            },
            "type": "library",
            "autoload": {
                "psr-4": {
                    "Yaoi\\": "src/"
                }
            },
            "notification-url": "https://packagist.org/downloads/",
            "license": [
                "MIT"
            ],
            "authors": [
                {
                    "name": "Viacheslav Poturaev",
                    "email": "vearutop@gmail.com",
                    "homepage": "https://github.com/vearutop"
                }
            ],
            "description": "Yaoi is yet another object interleaver",
            "homepage": "https://github.com/php-yaoi/php-yaoi",
            "keywords": [
                "framework"
            ],
            "time": "2017-06-13T09:10:15+00:00"
        },
        {
            "name": "phplang/scope-exit",
            "version": "1.0.0",
            "source": {
                "type": "git",
                "url": "https://github.com/phplang/scope-exit.git",
                "reference": "239b73abe89f9414aa85a7ca075ec9445629192b"
            },
            "dist": {
                "type": "zip",
                "url": "https://api.github.com/repos/phplang/scope-exit/zipball/239b73abe89f9414aa85a7ca075ec9445629192b",
                "reference": "239b73abe89f9414aa85a7ca075ec9445629192b",
                "shasum": ""
            },
            "require-dev": {
                "phpunit/phpunit": "*"
            },
            "type": "library",
            "autoload": {
                "psr-4": {
                    "PhpLang\\": "src/"
                }
            },
            "notification-url": "https://packagist.org/downloads/",
            "license": [
                "BSD"
            ],
            "authors": [
                {
                    "name": "Sara Golemon",
                    "email": "pollita@php.net",
                    "homepage": "https://twitter.com/SaraMG",
                    "role": "Developer"
                }
            ],
            "description": "Emulation of SCOPE_EXIT construct from C++",
            "homepage": "https://github.com/phplang/scope-exit",
            "keywords": [
                "cleanup",
                "exit",
                "scope"
            ],
            "time": "2016-09-17T00:15:18+00:00"
        },
        {
            "name": "psr/log",
            "version": "1.1.0",
            "source": {
                "type": "git",
                "url": "https://github.com/php-fig/log.git",
                "reference": "6c001f1daafa3a3ac1d8ff69ee4db8e799a654dd"
            },
            "dist": {
                "type": "zip",
                "url": "https://api.github.com/repos/php-fig/log/zipball/6c001f1daafa3a3ac1d8ff69ee4db8e799a654dd",
                "reference": "6c001f1daafa3a3ac1d8ff69ee4db8e799a654dd",
                "shasum": ""
            },
            "require": {
                "php": ">=5.3.0"
            },
            "type": "library",
            "extra": {
                "branch-alias": {
                    "dev-master": "1.0.x-dev"
                }
            },
            "autoload": {
                "psr-4": {
                    "Psr\\Log\\": "Psr/Log/"
                }
            },
            "notification-url": "https://packagist.org/downloads/",
            "license": [
                "MIT"
            ],
            "authors": [
                {
                    "name": "PHP-FIG",
                    "homepage": "http://www.php-fig.org/"
                }
            ],
            "description": "Common interface for logging libraries",
            "homepage": "https://github.com/php-fig/log",
            "keywords": [
                "log",
                "psr",
                "psr-3"
            ],
            "time": "2018-11-20T15:27:04+00:00"
        },
        {
            "name": "swaggest/code-builder",
            "version": "v0.3.1",
            "source": {
                "type": "git",
                "url": "https://github.com/swaggest/code-builder.git",
                "reference": "08fd7f2d8b4e7c52a37153abd31c014dab12351b"
            },
            "dist": {
                "type": "zip",
                "url": "https://api.github.com/repos/swaggest/code-builder/zipball/08fd7f2d8b4e7c52a37153abd31c014dab12351b",
                "reference": "08fd7f2d8b4e7c52a37153abd31c014dab12351b",
                "shasum": ""
            },
            "require": {
                "php": ">=5.3.0",
                "php-yaoi/php-yaoi": "*",
                "psr/log": "^1.0.1"
            },
            "require-dev": {
                "codeclimate/php-test-reporter": "0.1.2",
                "phpunit/phpunit": "4.8.23"
            },
            "type": "library",
            "autoload": {
                "psr-4": {
                    "Swaggest\\CodeBuilder\\": "src/"
                }
            },
            "notification-url": "https://packagist.org/downloads/",
            "license": [
                "MIT"
            ],
            "authors": [
                {
                    "name": "Viacheslav Poturaev",
                    "email": "vearutop@gmail.com",
                    "homepage": "https://github.com/vearutop"
                }
            ],
            "description": "GO code generation library",
            "homepage": "https://github.com/swaggest/code-builder",
            "keywords": [
                "library"
            ],
            "time": "2018-05-02T09:13:55+00:00"
        },
        {
            "name": "swaggest/json-diff",
            "version": "v3.7.0",
            "source": {
                "type": "git",
                "url": "https://github.com/swaggest/json-diff.git",
                "reference": "53c412ad8e3fc1293d4e6fdf06f7839698ad897d"
            },
            "dist": {
                "type": "zip",
                "url": "https://api.github.com/repos/swaggest/json-diff/zipball/53c412ad8e3fc1293d4e6fdf06f7839698ad897d",
                "reference": "53c412ad8e3fc1293d4e6fdf06f7839698ad897d",
                "shasum": ""
            },
            "require": {
                "ext-json": "*"
            },
            "require-dev": {
                "codeclimate/php-test-reporter": "^0.4.0",
                "phpunit/php-code-coverage": "2.2.4",
                "phpunit/phpunit": "^4.8.23"
            },
            "type": "library",
            "autoload": {
                "psr-4": {
                    "Swaggest\\JsonDiff\\": "src/"
                }
            },
            "notification-url": "https://packagist.org/downloads/",
            "license": [
                "MIT"
            ],
            "authors": [
                {
                    "name": "Viacheslav Poturaev",
                    "email": "vearutop@gmail.com"
                }
            ],
            "description": "JSON diff/rearrange/patch/pointer library for PHP",
            "time": "2019-04-25T04:15:41+00:00"
        },
        {
            "name": "swaggest/json-schema",
            "version": "v0.12.11",
            "source": {
                "type": "git",
                "url": "https://github.com/swaggest/php-json-schema.git",
                "reference": "e4a5429c40bbb16c5defddf2d0ef029e38805002"
            },
            "dist": {
                "type": "zip",
                "url": "https://api.github.com/repos/swaggest/php-json-schema/zipball/e4a5429c40bbb16c5defddf2d0ef029e38805002",
                "reference": "e4a5429c40bbb16c5defddf2d0ef029e38805002",
                "shasum": ""
            },
            "require": {
                "ext-json": "*",
                "ext-mbstring": "*",
                "php": ">=5.4",
                "phplang/scope-exit": "^1.0",
                "swaggest/json-diff": "^3.5.1"
            },
            "require-dev": {
                "phpunit/php-code-coverage": "2.2.4",
                "phpunit/phpunit": "4.8.35"
            },
            "type": "library",
            "autoload": {
                "psr-4": {
                    "Swaggest\\JsonSchema\\": "src/"
                }
            },
            "notification-url": "https://packagist.org/downloads/",
            "license": [
                "MIT"
            ],
            "authors": [
                {
                    "name": "Viacheslav Poturaev",
                    "email": "vearutop@gmail.com"
                }
            ],
            "description": "High definition PHP structures with JSON-schema based validation",
            "time": "2019-06-20T01:18:06+00:00"
        },
        {
            "name": "swaggest/php-code-builder",
            "version": "v0.2.6",
            "source": {
                "type": "git",
                "url": "https://github.com/swaggest/php-code-builder.git",
                "reference": "51b71e8e7ea48792c9948a3ce88ef84af91d8b89"
            },
            "dist": {
                "type": "zip",
                "url": "https://api.github.com/repos/swaggest/php-code-builder/zipball/51b71e8e7ea48792c9948a3ce88ef84af91d8b89",
                "reference": "51b71e8e7ea48792c9948a3ce88ef84af91d8b89",
                "shasum": ""
            },
            "require": {
                "ext-json": "*",
                "php": ">=5.5.0",
                "swaggest/code-builder": "^0.3.1",
                "swaggest/json-schema": "^0.12.0"
            },
            "require-dev": {
                "phpunit/phpunit": "4.8.36"
            },
            "type": "library",
            "autoload": {
                "psr-4": {
                    "Swaggest\\PhpCodeBuilder\\": "src/"
                }
            },
            "notification-url": "https://packagist.org/downloads/",
            "license": [
                "MIT"
            ],
            "authors": [
                {
                    "name": "Viacheslav Poturaev",
                    "email": "vearutop@gmail.com",
                    "homepage": "https://github.com/vearutop"
                }
            ],
            "description": "Swaggest JSON-schema enabled PHP code builder",
            "homepage": "https://github.com/swaggest/php-code-builder",
            "keywords": [
                "library"
            ],
            "time": "2019-06-22T20:27:43+00:00"
        }
    ],
    "packages-dev": [],
    "aliases": [],
    "minimum-stability": "stable",
    "stability-flags": [],
    "prefer-stable": false,
    "prefer-lowest": false,
    "platform": [],
    "platform-dev": []
}
